
Microsoft Visual Studio Solution File, Format Version 12.00
# Visual Studio Version 17
VisualStudioVersion = 17.14.36109.1 d17.14
MinimumVisualStudioVersion = 10.0.40219.1
Project("{FAE04EC0-301F-11D3-BF4B-00C04F79EFBC}") = "DevSpot", "DevSpot\DevSpot.csproj", "{02933D6E-3921-42A2-82E7-0F0A9F64B65A}"
EndProject
Global
	GlobalSection(SolutionConfigurationPlatforms) = preSolution
		Debug|Any CPU = Debug|Any CPU
		Release|Any CPU = Release|Any CPU
	EndGlobalSection
	GlobalSection(ProjectConfigurationPlatforms) = postSolution
		{02933D6E-3921-42A2-82E7-0F0A9F64B65A}.Debug|Any CPU.ActiveCfg = Debug|Any CPU
		{02933D6E-3921-42A2-82E7-0F0A9F64B65A}.Debug|Any CPU.Build.0 = Debug|Any CPU
		{02933D6E-3921-42A2-82E7-0F0A9F64B65A}.Release|Any CPU.ActiveCfg = Release|Any CPU
		{02933D6E-3921-42A2-82E7-0F0A9F64B65A}.Release|Any CPU.Build.0 = Release|Any CPU
	EndGlobalSection
	GlobalSection(SolutionProperties) = preSolution
		HideSolutionNode = FALSE
	EndGlobalSection
	GlobalSection(ExtensibilityGlobals) = postSolution
		SolutionGuid = {4A014959-78B5-46EF-AB71-22028622F4AD}
	EndGlobalSection
EndGlobal
